// !$*UTF8*$!
{
	archiveVersion = 1;
	classes = {
	};
	objectVersion = 50;
	objects = {

/* Begin PBXBuildFile section */
		6A6658BB2772AF81005A8925 /* AppDelegate.swift in Sources */ = {isa = PBXBuildFile; fileRef = 6A6658BA2772AF81005A8925 /* AppDelegate.swift */; };
		6A6658BF2772AF81005A8925 /* ViewController.swift in Sources */ = {isa = PBXBuildFile; fileRef = 6A6658BE2772AF81005A8925 /* ViewController.swift */; };
		6A6658C22772AF81005A8925 /* Main.storyboard in Resources */ = {isa = PBXBuildFile; fileRef = 6A6658C02772AF81005A8925 /* Main.storyboard */; };
		6A6658C42772AF88005A8925 /* Assets.xcassets in Resources */ = {isa = PBXBuildFile; fileRef = 6A6658C32772AF88005A8925 /* Assets.xcassets */; };
		6A6658C72772AF88005A8925 /* LaunchScreen.storyboard in Resources */ = {isa = PBXBuildFile; fileRef = 6A6658C52772AF88005A8925 /* LaunchScreen.storyboard */; };
		6A6658D02772B35D005A8925 /* MZMarqueeLabel.swift in Sources */ = {isa = PBXBuildFile; fileRef = 6A6658CF2772B35D005A8925 /* MZMarqueeLabel.swift */; };
/* End PBXBuildFile section */

/* Begin PBXFileReference section */
		6A6658B72772AF81005A8925 /* MZMarqueeLabel.app */ = {isa = PBXFileReference; explicitFileType = wrapper.application; includeInIndex = 0; path = MZMarqueeLabel.app; sourceTree = BUILT_PRODUCTS_DIR; };
		6A6658BA2772AF81005A8925 /* AppDelegate.swift */ = {isa = PBXFileReference; lastKnownFileType = sourcecode.swift; path = AppDelegate.swift; sourceTree = "<group>"; };
		6A6658BE2772AF81005A8925 /* ViewController.swift */ = {isa = PBXFileReference; lastKnownFileType = sourcecode.swift; path = ViewController.swift; sourceTree = "<group>"; };
		6A6658C12772AF81005A8925 /* Base */ = {isa = PBXFileReference; lastKnownFileType = file.storyboard; name = Base; path = Base.lproj/Main.storyboard; sourceTree = "<group>"; };
		6A6658C32772AF88005A8925 /* Assets.xcassets */ = {isa = PBXFileReference; lastKnownFileType = folder.assetcatalog; path = Assets.xcassets; sourceTree = "<group>"; };
		6A6658C62772AF88005A8925 /* Base */ = {isa = PBXFileReference; lastKnownFileType = file.storyboard; name = Base; path = Base.lproj/LaunchScreen.storyboard; sourceTree = "<group>"; };
		6A6658C82772AF88005A8925 /* Info.plist */ = {isa = PBXFileReference; lastKnownFileType = text.plist.xml; path = Info.plist; sourceTree = "<group>"; };
		6A6658CF2772B35D005A8925 /* MZMarqueeLabel.swift */ = {isa = PBXFileReference; lastKnownFileType = sourcecode.swift; path = MZMarqueeLabel.swift; sourceTree = "<group>"; };
		6A6658D12772B36E005A8925 /* MZMarqueeLabel.h */ = {isa = PBXFileReference; lastKnownFileType = sourcecode.c.h; path = MZMarqueeLabel.h; sourceTree = "<group>"; };
/* End PBXFileReference section */

/* Begin PBXFrameworksBuildPhase section */
		6A6658B42772AF81005A8925 /* Frameworks */ = {
			isa = PBXFrameworksBuildPhase;
			buildActionMask = 2147483647;
			files = (
			);
			runOnlyForDeploymentPostprocessing = 0;
		};
/* End PBXFrameworksBuildPhase section */

/* Begin PBXGroup section */
		6A6658AE2772AF81005A8925 = {
			isa = PBXGroup;
			children = (
				6A6658B92772AF81005A8925 /* MZMarqueeLabel */,
				6A6658B82772AF81005A8925 /* Products */,
			);
			sourceTree = "<group>";
		};
		6A6658B82772AF81005A8925 /* Products */ = {
			isa = PBXGroup;
			children = (
				6A6658B72772AF81005A8925 /* MZMarqueeLabel.app */,
			);
			name = Products;
			sourceTree = "<group>";
		};
		6A6658B92772AF81005A8925 /* MZMarqueeLabel */ = {
			isa = PBXGroup;
			children = (
				6A6658CE2772B34C005A8925 /* MZMarqueeLabel */,
				6A6658BA2772AF81005A8925 /* AppDelegate.swift */,
				6A6658BE2772AF81005A8925 /* ViewController.swift */,
				6A6658C02772AF81005A8925 /* Main.storyboard */,
				6A6658C32772AF88005A8925 /* Assets.xcassets */,
				6A6658C52772AF88005A8925 /* LaunchScreen.storyboard */,
				6A6658C82772AF88005A8925 /* Info.plist */,
			);
			path = MZMarqueeLabel;
			sourceTree = "<group>";
		};
		6A6658CE2772B34C005A8925 /* MZMarqueeLabel */ = {
			isa = PBXGroup;
			children = (
				6A6658CF2772B35D005A8925 /* MZMarqueeLabel.swift */,
				6A6658D12772B36E005A8925 /* MZMarqueeLabel.h */,
			);
			path = MZMarqueeLabel;
			sourceTree = "<group>";
		};
/* End PBXGroup section */

/* Begin PBXNativeTarget section */
		6A6658B62772AF81005A8925 /* MZMarqueeLabel */ = {
			isa = PBXNativeTarget;
			buildConfigurationList = 6A6658CB2772AF88005A8925 /* Build configuration list for PBXNativeTarget "MZMarqueeLabel" */;
			buildPhases = (
				6A6658B32772AF81005A8925 /* Sources */,
				6A6658B42772AF81005A8925 /* Frameworks */,
				6A6658B52772AF81005A8925 /* Resources */,
			);
			buildRules = (
			);
			dependencies = (
			);
			name = MZMarqueeLabel;
			productName = MZMarqueeLabel;
			productReference = 6A6658B72772AF81005A8925 /* MZMarqueeLabel.app */;
			productType = "com.apple.product-type.application";
		};
/* End PBXNativeTarget section */

/* Begin PBXProject section */
		6A6658AF2772AF81005A8925 /* Project object */ = {
			isa = PBXProject;
			attributes = {
				LastSwiftUpdateCheck = 1250;
				LastUpgradeCheck = 1250;
				TargetAttributes = {
					6A6658B62772AF81005A8925 = {
						CreatedOnToolsVersion = 12.5.1;
					};
				};
			};
			buildConfigurationList = 6A6658B22772AF81005A8925 /* Build configuration list for PBXProject "MZMarqueeLabel" */;
			compatibilityVersion = "Xcode 9.3";
			developmentRegion = en;
			hasScannedForEncodings = 0;
			knownRegions = (
				en,
				Base,
			);
			mainGroup = 6A6658AE2772AF81005A8925;
			productRefGroup = 6A6658B82772AF81005A8925 /* Products */;
			projectDirPath = "";
			projectRoot = "";
			targets = (
				6A6658B62772AF81005A8925 /* MZMarqueeLabel */,
			);
		};
/* End PBXProject section */

/* Begin PBXResourcesBuildPhase section */
		6A6658B52772AF81005A8925 /* Resources */ = {
			isa = PBXResourcesBuildPhase;
			buildActionMask = 2147483647;
			files = (
				6A6658C72772AF88005A8925 /* LaunchScreen.storyboard in Resources */,
				6A6658C42772AF88005A8925 /* Assets.xcassets in Resources */,
				6A6658C22772AF81005A8925 /* Main.storyboard in Resources */,
			);
			runOnlyForDeploymentPostprocessing = 0;
		};
/* End PBXResourcesBuildPhase section */

/* Begin PBXSourcesBuildPhase section */
		6A6658B32772AF81005A8925 /* Sources */ = {
			isa = PBXSourcesBuildPhase;
			buildActionMask = 2147483647;
			files = (
				6A6658D02772B35D005A8925 /* MZMarqueeLabel.swift in Sources */,
				6A6658BF2772AF81005A8925 /* ViewController.swift in Sources */,
				6A6658BB2772AF81005A8925 /* AppDelegate.swift in Sources */,
			);
			runOnlyForDeploymentPostprocessing = 0;
		};
/* End PBXSourcesBuildPhase section */

/* Begin PBXVariantGroup section */
		6A6658C02772AF81005A8925 /* Main.storyboard */ = {
			isa = PBXVariantGroup;
			children = (
				6A6658C12772AF81005A8925 /* Base */,
			);
			name = Main.storyboard;
			sourceTree = "<group>";
		};
		6A6658C52772AF88005A8925 /* LaunchScreen.storyboard */ = {
			isa = PBXVariantGroup;
			children = (
				6A6658C62772AF88005A8925 /* Base */,
			);
			name = LaunchScreen.storyboard;
			sourceTree = "<group>";
		};
/* End PBXVariantGroup section */

/* Begin XCBuildConfiguration section */
		6A6658C92772AF88005A8925 /* Debug */ = {
			isa = XCBuildConfiguration;
			buildSettings = {
				ALWAYS_SEARCH_USER_PATHS = NO;
				CLANG_ANALYZER_NONNULL = YES;
				CLANG_ANALYZER_NUMBER_OBJECT_CONVERSION = YES_AGGRESSIVE;
				CLANG_CXX_LANGUAGE_STANDARD = "gnu++14";
				CLANG_CXX_LIBRARY = "libc++";
				CLANG_ENABLE_MODULES = YES;
				CLANG_ENABLE_OBJC_ARC = YES;
				CLANG_ENABLE_OBJC_WEAK = YES;
				CLANG_WARN_BLOCK_CAPTURE_AUTORELEASING = YES;
				CLANG_WARN_BOOL_CONVERSION = YES;
				CLANG_WARN_COMMA = YES;
				CLANG_WARN_CONSTANT_CONVERSION = YES;
				CLANG_WARN_DEPRECATED_OBJC_IMPLEMENTATIONS = YES;
				CLANG_WARN_DIRECT_OBJC_ISA_USAGE = YES_ERROR;
				CLANG_WARN_DOCUMENTATION_COMMENTS = YES;
				CLANG_WARN_EMPTY_BODY = YES;
				CLANG_WARN_ENUM_CONVERSION = YES;
				CLANG_WARN_INFINITE_RECURSION = YES;
				CLANG_WARN_INT_CONVERSION = YES;
				CLANG_WARN_NON_LITERAL_NULL_CONVERSION = YES;
				CLANG_WARN_OBJC_IMPLICIT_RETAIN_SELF = YES;
				CLANG_WARN_OBJC_LITERAL_CONVERSION = YES;
				CLANG_WARN_OBJC_ROOT_CLASS = YES_ERROR;
				CLANG_WARN_QUOTED_INCLUDE_IN_FRAMEWORK_HEADER = YES;
				CLANG_WARN_RANGE_LOOP_ANALYSIS = YES;
				CLANG_WARN_STRICT_PROTOTYPES = YES;
				CLANG_WARN_SUSPICIOUS_MOVE = YES;
				CLANG_WARN_UNGUARDED_AVAILABILITY = YES_AGGRESSIVE;
				CLANG_WARN_UNREACHABLE_CODE = YES;
				CLANG_WARN__DUPLICATE_METHOD_MATCH = YES;
				COPY_PHASE_STRIP = NO;
				DEBUG_INFORMATION_FORMAT = dwarf;
				ENABLE_STRICT_OBJC_MSGSEND = YES;
				ENABLE_TESTABILITY = YES;
				GCC_C_LANGUAGE_STANDARD = gnu11;
				GCC_DYNAMIC_NO_PIC = NO;
				GCC_NO_COMMON_BLOCKS = YES;
				GCC_OPTIMIZATION_LEVEL = 0;
				GCC_PREPROCESSOR_DEFINITIONS = (
					"DEBUG=1",
					"$(inherited)",
				);
				GCC_WARN_64_TO_32_BIT_CONVERSION = YES;
				GCC_WARN_ABOUT_RETURN_TYPE = YES_ERROR;
				GCC_WARN_UNDECLARED_SELECTOR = YES;
				GCC_WARN_UNINITIALIZED_AUTOS = YES_AGGRESSIVE;
				GCC_WARN_UNUSED_FUNCTION = YES;
				GCC_WARN_UNUSED_VARIABLE = YES;
				IPHONEOS_DEPLOYMENT_TARGET = 14.5;
				MTL_ENABLE_DEBUG_INFO = INCLUDE_SOURCE;
				MTL_FAST_MATH = YES;
				ONLY_ACTIVE_ARCH = YES;
				SDKROOT = iphoneos;
				SWIFT_ACTIVE_COMPILATION_CONDITIONS = DEBUG;
				SWIFT_OPTIMIZATION_LEVEL = "-Onone";
			};
			name = Debug;
		};
		6A6658CA2772AF88005A8925 /* Release */ = {
			isa = XCBuildConfiguration;
			buildSettings = {
				ALWAYS_SEARCH_USER_PATHS = NO;
				CLANG_ANALYZER_NONNULL = YES;
				CLANG_ANALYZER_NUMBER_OBJECT_CONVERSION = YES_AGGRESSIVE;
				CLANG_CXX_LANGUAGE_STANDARD = "gnu++14";
				CLANG_CXX_LIBRARY = "libc++";
				CLANG_ENABLE_MODULES = YES;
				CLANG_ENABLE_OBJC_ARC = YES;
				CLANG_ENABLE_OBJC_WEAK = YES;
				CLANG_WARN_BLOCK_CAPTURE_AUTORELEASING = YES;
				CLANG_WARN_BOOL_CONVERSION = YES;
				CLANG_WARN_COMMA = YES;
				CLANG_WARN_CONSTANT_CONVERSION = YES;
				CLANG_WARN_DEPRECATED_OBJC_IMPLEMENTATIONS = YES;
				CLANG_WARN_DIRECT_OBJC_ISA_USAGE = YES_ERROR;
				CLANG_WARN_DOCUMENTATION_COMMENTS = YES;
				CLANG_WARN_EMPTY_BODY = YES;
				CLANG_WARN_ENUM_CONVERSION = YES;
				CLANG_WARN_INFINITE_RECURSION = YES;
				CLANG_WARN_INT_CONVERSION = YES;
				CLANG_WARN_NON_LITERAL_NULL_CONVERSION = YES;
				CLANG_WARN_OBJC_IMPLICIT_RETAIN_SELF = YES;
				CLANG_WARN_OBJC_LITERAL_CONVERSION = YES;
				CLANG_WARN_OBJC_ROOT_CLASS = YES_ERROR;
				CLANG_WARN_QUOTED_INCLUDE_IN_FRAMEWORK_HEADER = YES;
				CLANG_WARN_RANGE_LOOP_ANALYSIS = YES;
				CLANG_WARN_STRICT_PROTOTYPES = YES;
				CLANG_WARN_SUSPICIOUS_MOVE = YES;
				CLANG_WARN_UNGUARDED_AVAILABILITY = YES_AGGRESSIVE;
				CLANG_WARN_UNREACHABLE_CODE = YES;
				CLANG_WARN__DUPLICATE_METHOD_MATCH = YES;
				COPY_PHASE_STRIP = NO;
				DEBUG_INFORMATION_FORMAT = "dwarf-with-dsym";
				ENABLE_NS_ASSERTIONS = NO;
				ENABLE_STRICT_OBJC_MSGSEND = YES;
				GCC_C_LANGUAGE_STANDARD = gnu11;
				GCC_NO_COMMON_BLOCKS = YES;
				GCC_WARN_64_TO_32_BIT_CONVERSION = YES;
				GCC_WARN_ABOUT_RETURN_TYPE = YES_ERROR;
				GCC_WARN_UNDECLARED_SELECTOR = YES;
				GCC_WARN_UNINITIALIZED_AUTOS = YES_AGGRESSIVE;
				GCC_WARN_UNUSED_FUNCTION = YES;
				GCC_WARN_UNUSED_VARIABLE = YES;
				IPHONEOS_DEPLOYMENT_TARGET = 14.5;
				MTL_ENABLE_DEBUG_INFO = NO;
				MTL_FAST_MATH = YES;
				SDKROOT = iphoneos;
				SWIFT_COMPILATION_MODE = wholemodule;
				SWIFT_OPTIMIZATION_LEVEL = "-O";
				VALIDATE_PRODUCT = YES;
			};
			name = Release;
		};
		6A6658CC2772AF88005A8925 /* Debug */ = {
			isa = XCBuildConfiguration;
			buildSettings = {
				ASSETCATALOG_COMPILER_APPICON_NAME = AppIcon;
				ASSETCATALOG_COMPILER_GLOBAL_ACCENT_COLOR_NAME = AccentColor;
				CODE_SIGN_STYLE = Automatic;
				DEVELOPMENT_TEAM = 8JD3VFVV9F;
				INFOPLIST_FILE = MZMarqueeLabel/Info.plist;
				IPHONEOS_DEPLOYMENT_TARGET = 9.0;
				LD_RUNPATH_SEARCH_PATHS = (
					"$(inherited)",
					"@executable_path/Frameworks",
				);
				MARKETING_VERSION = 1.0.0;
				PRODUCT_BUNDLE_IDENTIFIER = com.mz.MZMarqueeLabel;
				PRODUCT_NAME = "$(TARGET_NAME)";
				SWIFT_VERSION = 5.0;
				TARGETED_DEVICE_FAMILY = 1;
			};
			name = Debug;
		};
		6A6658CD2772AF88005A8925 /* Release */ = {
			isa = XCBuildConfiguration;
			buildSettings = {
				ASSETCATALOG_COMPILER_APPICON_NAME = AppIcon;
				ASSETCATALOG_COMPILER_GLOBAL_ACCENT_COLOR_NAME = AccentColor;
				CODE_SIGN_STYLE = Automatic;
				DEVELOPMENT_TEAM = 8JD3VFVV9F;
				INFOPLIST_FILE = MZMarqueeLabel/Info.plist;
				IPHONEOS_DEPLOYMENT_TARGET = 9.0;
				LD_RUNPATH_SEARCH_PATHS = (
					"$(inherited)",
					"@executable_path/Frameworks",
				);
				MARKETING_VERSION = 1.0.0;
				PRODUCT_BUNDLE_IDENTIFIER = com.mz.MZMarqueeLabel;
				PRODUCT_NAME = "$(TARGET_NAME)";
				SWIFT_VERSION = 5.0;
				TARGETED_DEVICE_FAMILY = 1;
			};
			name = Release;
		};
/* End XCBuildConfiguration section */

/* Begin XCConfigurationList section */
		6A6658B22772AF81005A8925 /* Build configuration list for PBXProject "MZMarqueeLabel" */ = {
			isa = XCConfigurationList;
			buildConfigurations = (
				6A6658C92772AF88005A8925 /* Debug */,
				6A6658CA2772AF88005A8925 /* Release */,
			);
			defaultConfigurationIsVisible = 0;
			defaultConfigurationName = Release;
		};
		6A6658CB2772AF88005A8925 /* Build configuration list for PBXNativeTarget "MZMarqueeLabel" */ = {
			isa = XCConfigurationList;
			buildConfigurations = (
				6A6658CC2772AF88005A8925 /* Debug */,
				6A6658CD2772AF88005A8925 /* Release */,
			);
			defaultConfigurationIsVisible = 0;
			defaultConfigurationName = Release;
		};
/* End XCConfigurationList section */
	};
	rootObject = 6A6658AF2772AF81005A8925 /* Project object */;
}
